
Microsoft Visual Studio Solution File, Format Version 12.00
# Visual Studio Version 17
VisualStudioVersion = 17.2.32616.157
MinimumVisualStudioVersion = 10.0.40219.1
Project("{FAE04EC0-301F-11D3-BF4B-00C04F79EFBC}") = "Aula 20240425", "Aula 20240425.csproj", "{900DF9A0-E8FB-4FDE-A822-04E1593B27F4}"
EndProject
Global
	GlobalSection(SolutionConfigurationPlatforms) = preSolution
		Debug|Any CPU = Debug|Any CPU
		Release|Any CPU = Release|Any CPU
	EndGlobalSection
	GlobalSection(ProjectConfigurationPlatforms) = postSolution
		{900DF9A0-E8FB-4FDE-A822-04E1593B27F4}.Debug|Any CPU.ActiveCfg = Debug|Any CPU
		{900DF9A0-E8FB-4FDE-A822-04E1593B27F4}.Debug|Any CPU.Build.0 = Debug|Any CPU
		{900DF9A0-E8FB-4FDE-A822-04E1593B27F4}.Release|Any CPU.ActiveCfg = Release|Any CPU
		{900DF9A0-E8FB-4FDE-A822-04E1593B27F4}.Release|Any CPU.Build.0 = Release|Any CPU
	EndGlobalSection
	GlobalSection(SolutionProperties) = preSolution
		HideSolutionNode = FALSE
	EndGlobalSection
	GlobalSection(ExtensibilityGlobals) = postSolution
		SolutionGuid = {FEA27A9E-6D3D-4DE0-9D75-51787294D5AF}
	EndGlobalSection
EndGlobal
